<?xml version="1.0" encoding="utf-8"?>
<Project ToolsVersion="4.0" xmlns="http://schemas.microsoft.com/developer/msbuild/2003">
  <ItemGroup>
    <Filter Include="Source Files">
      <UniqueIdentifier>{4FC737F1-C7A5-4376-A066-2A32D752A2FF}</UniqueIdentifier>
      <Extensions>cpp;c;cc;cxx;c++;cppm;ixx;def;odl;idl;hpj;bat;asm;asmx</Extensions>
    </Filter>
    <Filter Include="Header Files">
      <UniqueIdentifier>{93995380-89BD-4b04-88EB-625FBE52EBFB}</UniqueIdentifier>
      <Extensions>h;hh;hpp;hxx;h++;hm;inl;inc;ipp;xsd</Extensions>
    </Filter>
    <Filter Include="Resource Files">
      <UniqueIdentifier>{67DA6AB6-F800-4c08-8B7A-83BB121AAD01}</UniqueIdentifier>
      <Extensions>rc;ico;cur;bmp;dlg;rc2;rct;bin;rgs;gif;jpg;jpeg;jpe;resx;tiff;tif;png;wav;mfcribbon-ms</Extensions>
    </Filter>
  </ItemGroup>
  <ItemGroup>
    <ClInclude Include="include\render\Renderer.h">
      <Filter>Header Files</Filter>
    </ClInclude>
    <ClInclude Include="include\d3d12\D3D12Error.h">
      <Filter>Header Files</Filter>
    </ClInclude>
    <ClInclude Include="include\d3d12\D3D12GraphicsPipelineLibrary.h">
      <Filter>Header Files</Filter>
    </ClInclude>
    <ClInclude Include="include\d3d12\D3D12ShaderLibrary.h">
      <Filter>Header Files</Filter>
    </ClInclude>
    <ClInclude Include="include\render\MeshData.h">
      <Filter>Header Files</Filter>
    </ClInclude>
    <ClInclude Include="include\d3d12\D3D12BufferFactory.h">
      <Filter>Source Files</Filter>
    </ClInclude>
    <ClInclude Include="include\d3d12\D3D12MeshLibrary.h">
      <Filter>Source Files</Filter>
    </ClInclude>
    <ClInclude Include="include\d3d12\D3D12BufferData.h">
      <Filter>Header Files</Filter>
    </ClInclude>
    <ClInclude Include="include\d3d12\D3D12Context.h">
      <Filter>Header Files</Filter>
    </ClInclude>
    <ClInclude Include="include\d3d12\D3D12CommandContext.h">
      <Filter>Header Files</Filter>
    </ClInclude>
    <ClInclude Include="include\d3d12\D3D12SwapChain.h">
      <Filter>Header Files</Filter>
    </ClInclude>
    <ClInclude Include="include\d3d12\D3D12DescriptorContext.h">
      <Filter>Header Files</Filter>
    </ClInclude>
    <ClInclude Include="include\d3d12\D3D12QueueFence.h">
      <Filter>Header Files</Filter>
    </ClInclude>
    <ClInclude Include="include\render\IRendererBackend.h">
      <Filter>Header Files</Filter>
    </ClInclude>
    <ClInclude Include="include\d3d12\D3D12RendererBackend.h">
      <Filter>Header Files</Filter>
    </ClInclude>
    <ClInclude Include="include\d3d12\D3D12UploadContext.h">
      <Filter>Header Files</Filter>
    </ClInclude>
    <ClInclude Include="include\render\Camera.h">
      <Filter>Header Files</Filter>
    </ClInclude>
    <ClInclude Include="include\render\Lights.h">
      <Filter>Header Files</Filter>
    </ClInclude>
    <ClInclude Include="include\d3d12\D3D12Pix.h">
      <Filter>Header Files</Filter>
    </ClInclude>
    <ClInclude Include="include\render\RenderThread.h">
      <Filter>Header Files</Filter>
    </ClInclude>
    <ClInclude Include="include\render\Materials.h">
      <Filter>Header Files</Filter>
    </ClInclude>
    <ClInclude Include="include\d3d12\D3D12MaterialLibrary.h">
      <Filter>Header Files</Filter>
    </ClInclude>
    <ClInclude Include="include\render\RenderTypes.h">
      <Filter>Header Files</Filter>
    </ClInclude>
    <ClInclude Include="efg.h">
      <Filter>Header Files</Filter>
    </ClInclude>
    <ClInclude Include="include\d3d12\D3D12ResourceFactory.h">
      <Filter>Header Files</Filter>
    </ClInclude>
    <ClInclude Include="include\d3d12\passes\D3D12ForwardLitGeometryRenderPass.h">
      <Filter>Header Files</Filter>
    </ClInclude>
    <ClInclude Include="include\d3d12\D3D12RenderData.h">
      <Filter>Header Files</Filter>
    </ClInclude>
    <ClInclude Include="include\d3d12\passes\D3D12BackBufferSetup.h">
      <Filter>Header Files</Filter>
    </ClInclude>
  </ItemGroup>
  <ItemGroup>
    <ClCompile Include="src\render\Renderer.cpp">
      <Filter>Source Files</Filter>
    </ClCompile>
    <ClCompile Include="src\d3d12\D3D12Device.cpp">
      <Filter>Source Files</Filter>
    </ClCompile>
    <ClCompile Include="src\d3d12\D3D12CommandContext.cpp">
      <Filter>Source Files</Filter>
    </ClCompile>
    <ClCompile Include="src\d3d12\D3D12SwapChain.cpp">
      <Filter>Source Files</Filter>
    </ClCompile>
    <ClCompile Include="src\d3d12\D3D12DescriptorContext.cpp">
      <Filter>Source Files</Filter>
    </ClCompile>
    <ClCompile Include="src\d3d12\D3D12Frame.cpp">
      <Filter>Source Files</Filter>
    </ClCompile>
    <ClCompile Include="src\d3d12\D3D12GraphicsPipelineLibrary.cpp">
      <Filter>Source Files</Filter>
    </ClCompile>
    <ClCompile Include="src\d3d12\D3D12ShaderLibrary.cpp">
      <Filter>Source Files</Filter>
    </ClCompile>
    <ClCompile Include="src\d3d12\D3D12BufferFactory.cpp">
      <Filter>Source Files</Filter>
    </ClCompile>
    <ClCompile Include="src\d3d12\D3D12MeshLibrary.cpp">
      <Filter>Source Files</Filter>
    </ClCompile>
    <ClCompile Include="src\d3d12\D3D12Context.cpp">
      <Filter>Source Files</Filter>
    </ClCompile>
    <ClCompile Include="src\d3d12\D3D12QueueFence.cpp">
      <Filter>Source Files</Filter>
    </ClCompile>
    <ClCompile Include="src\d3d12\D3D12RendererBackend.cpp">
      <Filter>Source Files</Filter>
    </ClCompile>
    <ClCompile Include="src\d3d12\D3D12UploadContext.cpp">
      <Filter>Source Files</Filter>
    </ClCompile>
    <ClCompile Include="src\render\Camera.cpp">
      <Filter>Source Files</Filter>
    </ClCompile>
    <ClCompile Include="src\render\Lights.cpp">
      <Filter>Source Files</Filter>
    </ClCompile>
    <ClCompile Include="src\render\RenderThread.cpp">
      <Filter>Source Files</Filter>
    </ClCompile>
    <ClCompile Include="src\d3d12\D3D12MaterialLibrary.cpp">
      <Filter>Source Files</Filter>
    </ClCompile>
    <ClCompile Include="src\d3d12\D3D12ResourceFactory.cpp">
      <Filter>Source Files</Filter>
    </ClCompile>
    <ClCompile Include="src\d3d12\D3D12ForwardLitGeometryRenderPass.cpp">
      <Filter>Source Files</Filter>
    </ClCompile>
  </ItemGroup>
  <ItemGroup>
    <None Include="packages.config" />
  </ItemGroup>
  <ItemGroup>
    <FxCompile Include="assets\shaders\geometry.hlsl" />
  </ItemGroup>
</Project>